{
	"name": "tiinyrpc",
	"version": "0.0.0",
	"lockfileVersion": 3,
	"requires": true,
	"packages": {
		"": {
			"name": "tiinyrpc",
			"version": "0.0.0",
			"license": "ISC",
			"dependencies": {
				"beson": "^3.1.5"
			},
			"devDependencies": {
				"@types/node": "^18.14.1"
			}
		},
		"node_modules/@types/node": {
			"version": "18.14.1",
			"resolved": "https://registry.npmjs.org/@types/node/-/node-18.14.1.tgz",
			"integrity": "sha512-QH+37Qds3E0eDlReeboBxfHbX9omAcBCXEzswCu6jySP642jiM3cYSIkU/REqwhCUqXdonHFuBfJDiAJxMNhaQ==",
			"dev": true
		},
		"node_modules/beson": {
			"version": "3.1.5",
			"resolved": "https://registry.npmjs.org/beson/-/beson-3.1.5.tgz",
			"integrity": "sha512-NnknZVAlBeKW0h31GQC6zvWxkZpFHFCVNTOUIYpnpDmhNjBAMr4DgaQbCNNbGGI3K6vNYgpvDEIks13uPEJBqg=="
		}
	}
}
